
Microsoft Visual Studio Solution File, Format Version 12.00
# Visual Studio 2012
Project("{2150E333-8FDC-42A3-9474-1A3956D46DE8}") = "Domain", "Domain", "{F7E9E2E2-E405-4E27-910A-83CF9DCA7EB0}"
EndProject
Project("{FAE04EC0-301F-11D3-BF4B-00C04F79EFBC}") = "GPS-Challenge.Domain", "GPS-Challenge.Domain\GPS-Challenge.Domain.csproj", "{E1FC5948-B390-40EA-A02B-C0E79C76964E}"
EndProject
Project("{FAE04EC0-301F-11D3-BF4B-00C04F79EFBC}") = "GPS-Challenge.Domain.UnitTesting", "GPS-Challenge.Domain.UnitTesting\GPS-Challenge.Domain.UnitTesting.csproj", "{AF66CD9E-C607-4D0C-BD6D-0BABF4567AF8}"
EndProject
Project("{FAE04EC0-301F-11D3-BF4B-00C04F79EFBC}") = "GPS-Challenge.ViewXNA", "GPS-Challenge.ViewXNA\GPS-Challenge.ViewXNA\GPS-Challenge.ViewXNA.csproj", "{30A3C745-EEC3-4718-81C1-6547D2EF9804}"
EndProject
Project("{FAE04EC0-301F-11D3-BF4B-00C04F79EFBC}") = "GPS-Challenge.ViewXNAContent", "GPS-Challenge.ViewXNA\GPS-Challenge.ViewXNAContent\GPS-Challenge.ViewXNAContent.contentproj", "{F28D3781-3A7E-4B8C-A76D-5E95DA16B9E9}"
EndProject
Global
	GlobalSection(SolutionConfigurationPlatforms) = preSolution
		Debug|Any CPU = Debug|Any CPU
		Debug|Mixed Platforms = Debug|Mixed Platforms
		Debug|x86 = Debug|x86
		Release|Any CPU = Release|Any CPU
		Release|Mixed Platforms = Release|Mixed Platforms
		Release|x86 = Release|x86
	EndGlobalSection
	GlobalSection(ProjectConfigurationPlatforms) = postSolution
		{E1FC5948-B390-40EA-A02B-C0E79C76964E}.Debug|Any CPU.ActiveCfg = Debug|Any CPU
		{E1FC5948-B390-40EA-A02B-C0E79C76964E}.Debug|Any CPU.Build.0 = Debug|Any CPU
		{E1FC5948-B390-40EA-A02B-C0E79C76964E}.Debug|Mixed Platforms.ActiveCfg = Debug|Any CPU
		{E1FC5948-B390-40EA-A02B-C0E79C76964E}.Debug|Mixed Platforms.Build.0 = Debug|Any CPU
		{E1FC5948-B390-40EA-A02B-C0E79C76964E}.Debug|x86.ActiveCfg = Debug|Any CPU
		{E1FC5948-B390-40EA-A02B-C0E79C76964E}.Release|Any CPU.ActiveCfg = Release|Any CPU
		{E1FC5948-B390-40EA-A02B-C0E79C76964E}.Release|Any CPU.Build.0 = Release|Any CPU
		{E1FC5948-B390-40EA-A02B-C0E79C76964E}.Release|Mixed Platforms.ActiveCfg = Release|Any CPU
		{E1FC5948-B390-40EA-A02B-C0E79C76964E}.Release|Mixed Platforms.Build.0 = Release|Any CPU
		{E1FC5948-B390-40EA-A02B-C0E79C76964E}.Release|x86.ActiveCfg = Release|Any CPU
		{AF66CD9E-C607-4D0C-BD6D-0BABF4567AF8}.Debug|Any CPU.ActiveCfg = Debug|Any CPU
		{AF66CD9E-C607-4D0C-BD6D-0BABF4567AF8}.Debug|Any CPU.Build.0 = Debug|Any CPU
		{AF66CD9E-C607-4D0C-BD6D-0BABF4567AF8}.Debug|Mixed Platforms.ActiveCfg = Debug|Any CPU
		{AF66CD9E-C607-4D0C-BD6D-0BABF4567AF8}.Debug|Mixed Platforms.Build.0 = Debug|Any CPU
		{AF66CD9E-C607-4D0C-BD6D-0BABF4567AF8}.Debug|x86.ActiveCfg = Debug|Any CPU
		{AF66CD9E-C607-4D0C-BD6D-0BABF4567AF8}.Release|Any CPU.ActiveCfg = Release|Any CPU
		{AF66CD9E-C607-4D0C-BD6D-0BABF4567AF8}.Release|Any CPU.Build.0 = Release|Any CPU
		{AF66CD9E-C607-4D0C-BD6D-0BABF4567AF8}.Release|Mixed Platforms.ActiveCfg = Release|Any CPU
		{AF66CD9E-C607-4D0C-BD6D-0BABF4567AF8}.Release|Mixed Platforms.Build.0 = Release|Any CPU
		{AF66CD9E-C607-4D0C-BD6D-0BABF4567AF8}.Release|x86.ActiveCfg = Release|Any CPU
		{30A3C745-EEC3-4718-81C1-6547D2EF9804}.Debug|Any CPU.ActiveCfg = Debug|x86
		{30A3C745-EEC3-4718-81C1-6547D2EF9804}.Debug|Mixed Platforms.ActiveCfg = Debug|x86
		{30A3C745-EEC3-4718-81C1-6547D2EF9804}.Debug|Mixed Platforms.Build.0 = Debug|x86
		{30A3C745-EEC3-4718-81C1-6547D2EF9804}.Debug|x86.ActiveCfg = Debug|x86
		{30A3C745-EEC3-4718-81C1-6547D2EF9804}.Debug|x86.Build.0 = Debug|x86
		{30A3C745-EEC3-4718-81C1-6547D2EF9804}.Release|Any CPU.ActiveCfg = Release|x86
		{30A3C745-EEC3-4718-81C1-6547D2EF9804}.Release|Mixed Platforms.ActiveCfg = Release|x86
		{30A3C745-EEC3-4718-81C1-6547D2EF9804}.Release|Mixed Platforms.Build.0 = Release|x86
		{30A3C745-EEC3-4718-81C1-6547D2EF9804}.Release|x86.ActiveCfg = Release|x86
		{30A3C745-EEC3-4718-81C1-6547D2EF9804}.Release|x86.Build.0 = Release|x86
		{F28D3781-3A7E-4B8C-A76D-5E95DA16B9E9}.Debug|Any CPU.ActiveCfg = Debug|x86
		{F28D3781-3A7E-4B8C-A76D-5E95DA16B9E9}.Debug|Mixed Platforms.ActiveCfg = Debug|x86
		{F28D3781-3A7E-4B8C-A76D-5E95DA16B9E9}.Debug|x86.ActiveCfg = Debug|x86
		{F28D3781-3A7E-4B8C-A76D-5E95DA16B9E9}.Release|Any CPU.ActiveCfg = Release|x86
		{F28D3781-3A7E-4B8C-A76D-5E95DA16B9E9}.Release|Mixed Platforms.ActiveCfg = Release|x86
		{F28D3781-3A7E-4B8C-A76D-5E95DA16B9E9}.Release|x86.ActiveCfg = Release|x86
	EndGlobalSection
	GlobalSection(SolutionProperties) = preSolution
		HideSolutionNode = FALSE
	EndGlobalSection
	GlobalSection(NestedProjects) = preSolution
		{E1FC5948-B390-40EA-A02B-C0E79C76964E} = {F7E9E2E2-E405-4E27-910A-83CF9DCA7EB0}
		{AF66CD9E-C607-4D0C-BD6D-0BABF4567AF8} = {F7E9E2E2-E405-4E27-910A-83CF9DCA7EB0}
		{30A3C745-EEC3-4718-81C1-6547D2EF9804} = {F7E9E2E2-E405-4E27-910A-83CF9DCA7EB0}
		{F28D3781-3A7E-4B8C-A76D-5E95DA16B9E9} = {F7E9E2E2-E405-4E27-910A-83CF9DCA7EB0}
	EndGlobalSection
EndGlobal
